PODS:
  - FlutterMacOS (1.0.0)
  - protocol_handler (0.0.1):
    - FlutterMacOS
  - uni_links_desktop (0.0.1):
    - FlutterMacOS

DEPENDENCIES:
  - FlutterMacOS (from `Flutter/ephemeral`)
  - protocol_handler (from `Flutter/ephemeral/.symlinks/plugins/protocol_handler/macos`)
  - uni_links_desktop (from `Flutter/ephemeral/.symlinks/plugins/uni_links_desktop/macos`)

EXTERNAL SOURCES:
  FlutterMacOS:
    :path: Flutter/ephemeral
  protocol_handler:
    :path: Flutter/ephemeral/.symlinks/plugins/protocol_handler/macos
  uni_links_desktop:
    :path: Flutter/ephemeral/.symlinks/plugins/uni_links_desktop/macos

SPEC CHECKSUMS:
  FlutterMacOS: 57701585bf7de1b3fc2bb61f6378d73bbdea8424
  protocol_handler: 587e1caf6c0b92ce351ab14081968dae49cb8cc6
  uni_links_desktop: 45900fb319df48fcdea2df0756e9c2626696b026

PODFILE CHECKSUM: 6eac6b3292e5142cfc23bdeb71848a40ec51c14c

COCOAPODS: 1.11.2
