PODS:
  - FlutterMacOS (1.0.0)
  - uni_links_desktop (0.0.1):
    - FlutterMacOS

DEPENDENCIES:
  - FlutterMacOS (from `Flutter/ephemeral`)
  - uni_links_desktop (from `Flutter/ephemeral/.symlinks/plugins/uni_links_desktop/macos`)

EXTERNAL SOURCES:
  FlutterMacOS:
    :path: Flutter/ephemeral
  uni_links_desktop:
    :path: Flutter/ephemeral/.symlinks/plugins/uni_links_desktop/macos

SPEC CHECKSUMS:
  FlutterMacOS: ae6af50a8ea7d6103d888583d46bd8328a7e9811
  uni_links_desktop: 45900fb319df48fcdea2df0756e9c2626696b026

PODFILE CHECKSUM: 6eac6b3292e5142cfc23bdeb71848a40ec51c14c

COCOAPODS: 1.11.3
